
Microsoft Visual Studio Solution File, Format Version 12.00
# Visual Studio 15
VisualStudioVersion = 15.0.28307.539
MinimumVisualStudioVersion = 10.0.40219.1
Project("{FAE04EC0-301F-11D3-BF4B-00C04F79EFBC}") = "二维数组总的查找", "二维数组总的查找\二维数组总的查找.csproj", "{0373CA7C-0C12-43A8-A95B-D6A6E6635E85}"
EndProject
Global
	GlobalSection(SolutionConfigurationPlatforms) = preSolution
		Debug|Any CPU = Debug|Any CPU
		Release|Any CPU = Release|Any CPU
	EndGlobalSection
	GlobalSection(ProjectConfigurationPlatforms) = postSolution
		{0373CA7C-0C12-43A8-A95B-D6A6E6635E85}.Debug|Any CPU.ActiveCfg = Debug|Any CPU
		{0373CA7C-0C12-43A8-A95B-D6A6E6635E85}.Debug|Any CPU.Build.0 = Debug|Any CPU
		{0373CA7C-0C12-43A8-A95B-D6A6E6635E85}.Release|Any CPU.ActiveCfg = Release|Any CPU
		{0373CA7C-0C12-43A8-A95B-D6A6E6635E85}.Release|Any CPU.Build.0 = Release|Any CPU
	EndGlobalSection
	GlobalSection(SolutionProperties) = preSolution
		HideSolutionNode = FALSE
	EndGlobalSection
	GlobalSection(ExtensibilityGlobals) = postSolution
		SolutionGuid = {944759A7-0DEF-4F38-A8B0-8F68FBA44CCA}
	EndGlobalSection
EndGlobal
